// !$*UTF8*$!
{
	archiveVersion = 1;
	classes = {
	};
	objectVersion = 46;
	objects = {

/* Begin PBXBuildFile section */
		2DD9A876F80E80BC65270678 /* libPods-BabyLog.a in Frameworks */ = {isa = PBXBuildFile; fileRef = 537CC5C4C50BBC8347E9B041 /* libPods-BabyLog.a */; };
		4538BB7E1AA5C4DB00C80B4B /* protocol.swift in Sources */ = {isa = PBXBuildFile; fileRef = 4538BB7D1AA5C4DB00C80B4B /* protocol.swift */; };
		4538BB811AA6E78B00C80B4B /* FeedLog.swift in Sources */ = {isa = PBXBuildFile; fileRef = 4538BB801AA6E78B00C80B4B /* FeedLog.swift */; };
		4538BB831AA6E9AB00C80B4B /* Db.swift in Sources */ = {isa = PBXBuildFile; fileRef = 4538BB821AA6E9AB00C80B4B /* Db.swift */; };
		4538BB851AA6F95600C80B4B /* LogDetail.swift in Sources */ = {isa = PBXBuildFile; fileRef = 4538BB841AA6F95600C80B4B /* LogDetail.swift */; };
		4538BB881AA7653B00C80B4B /* DateTool.swift in Sources */ = {isa = PBXBuildFile; fileRef = 4538BB871AA7653B00C80B4B /* DateTool.swift */; };
		458F80D61AAEBF8400EDDB3B /* ChartViewController.swift in Sources */ = {isa = PBXBuildFile; fileRef = 458F80D51AAEBF8400EDDB3B /* ChartViewController.swift */; };
		458F80D81AAED6CC00EDDB3B /* LineData.swift in Sources */ = {isa = PBXBuildFile; fileRef = 458F80D71AAED6CC00EDDB3B /* LineData.swift */; };
		458F80DC1AAEE5E800EDDB3B /* ColorTool.swift in Sources */ = {isa = PBXBuildFile; fileRef = 458F80DB1AAEE5E800EDDB3B /* ColorTool.swift */; };
		4597D8731AA99D2E00A453D7 /* HistoryItem.swift in Sources */ = {isa = PBXBuildFile; fileRef = 4597D8721AA99D2E00A453D7 /* HistoryItem.swift */; };
		4597D8751AA9BEEC00A453D7 /* DayHistoryViewController.swift in Sources */ = {isa = PBXBuildFile; fileRef = 4597D8741AA9BEEC00A453D7 /* DayHistoryViewController.swift */; };
		4597D9641AAA24ED00A453D7 /* FMDatabase.m in Sources */ = {isa = PBXBuildFile; fileRef = 4597D95B1AAA24ED00A453D7 /* FMDatabase.m */; };
		4597D9651AAA24ED00A453D7 /* FMResultSet.m in Sources */ = {isa = PBXBuildFile; fileRef = 4597D95D1AAA24ED00A453D7 /* FMResultSet.m */; };
		4597D9661AAA24ED00A453D7 /* FMDatabaseQueue.m in Sources */ = {isa = PBXBuildFile; fileRef = 4597D95F1AAA24ED00A453D7 /* FMDatabaseQueue.m */; };
		4597D9671AAA24ED00A453D7 /* FMDatabaseAdditions.m in Sources */ = {isa = PBXBuildFile; fileRef = 4597D9611AAA24ED00A453D7 /* FMDatabaseAdditions.m */; };
		4597D9681AAA24ED00A453D7 /* FMDatabasePool.m in Sources */ = {isa = PBXBuildFile; fileRef = 4597D9631AAA24ED00A453D7 /* FMDatabasePool.m */; };
		4597D96B1AAA254900A453D7 /* libsqlite3.0.dylib in Frameworks */ = {isa = PBXBuildFile; fileRef = 4597D96A1AAA254900A453D7 /* libsqlite3.0.dylib */; };
		4597D96E1AAB39E400A453D7 /* FeedLogService.swift in Sources */ = {isa = PBXBuildFile; fileRef = 4597D96D1AAB39E400A453D7 /* FeedLogService.swift */; };
		4597D9701AAB3B3700A453D7 /* TypeTool.swift in Sources */ = {isa = PBXBuildFile; fileRef = 4597D96F1AAB3B3700A453D7 /* TypeTool.swift */; };
		4597D9721AAB768A00A453D7 /* HistoryDayCell.swift in Sources */ = {isa = PBXBuildFile; fileRef = 4597D9711AAB768A00A453D7 /* HistoryDayCell.swift */; };
		459B66FF1AA4DE09007838F7 /* SelectDateController.swift in Sources */ = {isa = PBXBuildFile; fileRef = 459B66FE1AA4DE09007838F7 /* SelectDateController.swift */; };
		45AC76E51A6C200600705474 /* AppDelegate.swift in Sources */ = {isa = PBXBuildFile; fileRef = 45AC76E41A6C200600705474 /* AppDelegate.swift */; };
		45AC76E71A6C200600705474 /* FirstViewController.swift in Sources */ = {isa = PBXBuildFile; fileRef = 45AC76E61A6C200600705474 /* FirstViewController.swift */; };
		45AC76E91A6C200600705474 /* SecondViewController.swift in Sources */ = {isa = PBXBuildFile; fileRef = 45AC76E81A6C200600705474 /* SecondViewController.swift */; };
		45AC76EC1A6C200600705474 /* Main.storyboard in Resources */ = {isa = PBXBuildFile; fileRef = 45AC76EA1A6C200600705474 /* Main.storyboard */; };
		45AC76EE1A6C200600705474 /* Images.xcassets in Resources */ = {isa = PBXBuildFile; fileRef = 45AC76ED1A6C200600705474 /* Images.xcassets */; };
		45AC76F11A6C200600705474 /* LaunchScreen.xib in Resources */ = {isa = PBXBuildFile; fileRef = 45AC76EF1A6C200600705474 /* LaunchScreen.xib */; };
		45AC76FD1A6C200600705474 /* BabyLogTests.swift in Sources */ = {isa = PBXBuildFile; fileRef = 45AC76FC1A6C200600705474 /* BabyLogTests.swift */; };
		45FB5D481A794B24004F1759 /* AddViewController.swift in Sources */ = {isa = PBXBuildFile; fileRef = 45FB5D471A794B24004F1759 /* AddViewController.swift */; };
/* End PBXBuildFile section */

/* Begin PBXContainerItemProxy section */
		45AC76F71A6C200600705474 /* PBXContainerItemProxy */ = {
			isa = PBXContainerItemProxy;
			containerPortal = 45AC76D71A6C200600705474 /* Project object */;
			proxyType = 1;
			remoteGlobalIDString = 45AC76DE1A6C200600705474;
			remoteInfo = BabyLog;
		};
/* End PBXContainerItemProxy section */

/* Begin PBXFileReference section */
		0C81AD5E3E725CF8CD147E61 /* Pods-BabyLog.debug.xcconfig */ = {isa = PBXFileReference; includeInIndex = 1; lastKnownFileType = text.xcconfig; name = "Pods-BabyLog.debug.xcconfig"; path = "Pods/Target Support Files/Pods-BabyLog/Pods-BabyLog.debug.xcconfig"; sourceTree = "<group>"; };
		0F03C88175B86E57EB059782 /* Pods-BabyLog.release.xcconfig */ = {isa = PBXFileReference; includeInIndex = 1; lastKnownFileType = text.xcconfig; name = "Pods-BabyLog.release.xcconfig"; path = "Pods/Target Support Files/Pods-BabyLog/Pods-BabyLog.release.xcconfig"; sourceTree = "<group>"; };
		4538BB7D1AA5C4DB00C80B4B /* protocol.swift */ = {isa = PBXFileReference; fileEncoding = 4; lastKnownFileType = sourcecode.swift; path = protocol.swift; sourceTree = "<group>"; };
		4538BB801AA6E78B00C80B4B /* FeedLog.swift */ = {isa = PBXFileReference; fileEncoding = 4; lastKnownFileType = sourcecode.swift; path = FeedLog.swift; sourceTree = "<group>"; };
		4538BB821AA6E9AB00C80B4B /* Db.swift */ = {isa = PBXFileReference; fileEncoding = 4; lastKnownFileType = sourcecode.swift; path = Db.swift; sourceTree = "<group>"; };
		4538BB841AA6F95600C80B4B /* LogDetail.swift */ = {isa = PBXFileReference; fileEncoding = 4; lastKnownFileType = sourcecode.swift; path = LogDetail.swift; sourceTree = "<group>"; };
		4538BB871AA7653B00C80B4B /* DateTool.swift */ = {isa = PBXFileReference; fileEncoding = 4; lastKnownFileType = sourcecode.swift; path = DateTool.swift; sourceTree = "<group>"; };
		458F80D51AAEBF8400EDDB3B /* ChartViewController.swift */ = {isa = PBXFileReference; fileEncoding = 4; lastKnownFileType = sourcecode.swift; path = ChartViewController.swift; sourceTree = "<group>"; };
		458F80D71AAED6CC00EDDB3B /* LineData.swift */ = {isa = PBXFileReference; fileEncoding = 4; lastKnownFileType = sourcecode.swift; path = LineData.swift; sourceTree = "<group>"; };
		458F80DB1AAEE5E800EDDB3B /* ColorTool.swift */ = {isa = PBXFileReference; fileEncoding = 4; lastKnownFileType = sourcecode.swift; path = ColorTool.swift; sourceTree = "<group>"; };
		4597D8721AA99D2E00A453D7 /* HistoryItem.swift */ = {isa = PBXFileReference; fileEncoding = 4; lastKnownFileType = sourcecode.swift; path = HistoryItem.swift; sourceTree = "<group>"; };
		4597D8741AA9BEEC00A453D7 /* DayHistoryViewController.swift */ = {isa = PBXFileReference; fileEncoding = 4; lastKnownFileType = sourcecode.swift; path = DayHistoryViewController.swift; sourceTree = "<group>"; };
		4597D9581AAA24ED00A453D7 /* BabyLog-Bridging-Header.h */ = {isa = PBXFileReference; lastKnownFileType = sourcecode.c.h; path = "BabyLog-Bridging-Header.h"; sourceTree = "<group>"; };
		4597D9591AAA24ED00A453D7 /* FMDB.h */ = {isa = PBXFileReference; fileEncoding = 4; lastKnownFileType = sourcecode.c.h; path = FMDB.h; sourceTree = "<group>"; };
		4597D95A1AAA24ED00A453D7 /* FMDatabase.h */ = {isa = PBXFileReference; fileEncoding = 4; lastKnownFileType = sourcecode.c.h; path = FMDatabase.h; sourceTree = "<group>"; };
		4597D95B1AAA24ED00A453D7 /* FMDatabase.m */ = {isa = PBXFileReference; fileEncoding = 4; lastKnownFileType = sourcecode.c.objc; path = FMDatabase.m; sourceTree = "<group>"; };
		4597D95C1AAA24ED00A453D7 /* FMResultSet.h */ = {isa = PBXFileReference; fileEncoding = 4; lastKnownFileType = sourcecode.c.h; path = FMResultSet.h; sourceTree = "<group>"; };
		4597D95D1AAA24ED00A453D7 /* FMResultSet.m */ = {isa = PBXFileReference; fileEncoding = 4; lastKnownFileType = sourcecode.c.objc; path = FMResultSet.m; sourceTree = "<group>"; };
		4597D95E1AAA24ED00A453D7 /* FMDatabaseQueue.h */ = {isa = PBXFileReference; fileEncoding = 4; lastKnownFileType = sourcecode.c.h; path = FMDatabaseQueue.h; sourceTree = "<group>"; };
		4597D95F1AAA24ED00A453D7 /* FMDatabaseQueue.m */ = {isa = PBXFileReference; fileEncoding = 4; lastKnownFileType = sourcecode.c.objc; path = FMDatabaseQueue.m; sourceTree = "<group>"; };
		4597D9601AAA24ED00A453D7 /* FMDatabaseAdditions.h */ = {isa = PBXFileReference; fileEncoding = 4; lastKnownFileType = sourcecode.c.h; path = FMDatabaseAdditions.h; sourceTree = "<group>"; };
		4597D9611AAA24ED00A453D7 /* FMDatabaseAdditions.m */ = {isa = PBXFileReference; fileEncoding = 4; lastKnownFileType = sourcecode.c.objc; path = FMDatabaseAdditions.m; sourceTree = "<group>"; };
		4597D9621AAA24ED00A453D7 /* FMDatabasePool.h */ = {isa = PBXFileReference; fileEncoding = 4; lastKnownFileType = sourcecode.c.h; path = FMDatabasePool.h; sourceTree = "<group>"; };
		4597D9631AAA24ED00A453D7 /* FMDatabasePool.m */ = {isa = PBXFileReference; fileEncoding = 4; lastKnownFileType = sourcecode.c.objc; path = FMDatabasePool.m; sourceTree = "<group>"; };
		4597D96A1AAA254900A453D7 /* libsqlite3.0.dylib */ = {isa = PBXFileReference; lastKnownFileType = "compiled.mach-o.dylib"; name = libsqlite3.0.dylib; path = usr/lib/libsqlite3.0.dylib; sourceTree = SDKROOT; };
		4597D96D1AAB39E400A453D7 /* FeedLogService.swift */ = {isa = PBXFileReference; fileEncoding = 4; lastKnownFileType = sourcecode.swift; path = FeedLogService.swift; sourceTree = "<group>"; };
		4597D96F1AAB3B3700A453D7 /* TypeTool.swift */ = {isa = PBXFileReference; fileEncoding = 4; lastKnownFileType = sourcecode.swift; path = TypeTool.swift; sourceTree = "<group>"; };
		4597D9711AAB768A00A453D7 /* HistoryDayCell.swift */ = {isa = PBXFileReference; fileEncoding = 4; lastKnownFileType = sourcecode.swift; path = HistoryDayCell.swift; sourceTree = "<group>"; };
		459B66FE1AA4DE09007838F7 /* SelectDateController.swift */ = {isa = PBXFileReference; fileEncoding = 4; lastKnownFileType = sourcecode.swift; path = SelectDateController.swift; sourceTree = "<group>"; };
		45AC76DF1A6C200600705474 /* BabyLog.app */ = {isa = PBXFileReference; explicitFileType = wrapper.application; includeInIndex = 0; path = BabyLog.app; sourceTree = BUILT_PRODUCTS_DIR; };
		45AC76E31A6C200600705474 /* Info.plist */ = {isa = PBXFileReference; lastKnownFileType = text.plist.xml; path = Info.plist; sourceTree = "<group>"; };
		45AC76E41A6C200600705474 /* AppDelegate.swift */ = {isa = PBXFileReference; lastKnownFileType = sourcecode.swift; path = AppDelegate.swift; sourceTree = "<group>"; };
		45AC76E61A6C200600705474 /* FirstViewController.swift */ = {isa = PBXFileReference; lastKnownFileType = sourcecode.swift; path = FirstViewController.swift; sourceTree = "<group>"; };
		45AC76E81A6C200600705474 /* SecondViewController.swift */ = {isa = PBXFileReference; lastKnownFileType = sourcecode.swift; path = SecondViewController.swift; sourceTree = "<group>"; };
		45AC76EB1A6C200600705474 /* Base */ = {isa = PBXFileReference; lastKnownFileType = file.storyboard; name = Base; path = Base.lproj/Main.storyboard; sourceTree = "<group>"; };
		45AC76ED1A6C200600705474 /* Images.xcassets */ = {isa = PBXFileReference; lastKnownFileType = folder.assetcatalog; path = Images.xcassets; sourceTree = "<group>"; };
		45AC76F01A6C200600705474 /* Base */ = {isa = PBXFileReference; lastKnownFileType = file.xib; name = Base; path = Base.lproj/LaunchScreen.xib; sourceTree = "<group>"; };
		45AC76F61A6C200600705474 /* BabyLogTests.xctest */ = {isa = PBXFileReference; explicitFileType = wrapper.cfbundle; includeInIndex = 0; path = BabyLogTests.xctest; sourceTree = BUILT_PRODUCTS_DIR; };
		45AC76FB1A6C200600705474 /* Info.plist */ = {isa = PBXFileReference; lastKnownFileType = text.plist.xml; path = Info.plist; sourceTree = "<group>"; };
		45AC76FC1A6C200600705474 /* BabyLogTests.swift */ = {isa = PBXFileReference; lastKnownFileType = sourcecode.swift; path = BabyLogTests.swift; sourceTree = "<group>"; };
		45FB5D471A794B24004F1759 /* AddViewController.swift */ = {isa = PBXFileReference; fileEncoding = 4; lastKnownFileType = sourcecode.swift; path = AddViewController.swift; sourceTree = "<group>"; };
		537CC5C4C50BBC8347E9B041 /* libPods-BabyLog.a */ = {isa = PBXFileReference; explicitFileType = archive.ar; includeInIndex = 0; path = "libPods-BabyLog.a"; sourceTree = BUILT_PRODUCTS_DIR; };
/* End PBXFileReference section */

/* Begin PBXFrameworksBuildPhase section */
		45AC76DC1A6C200600705474 /* Frameworks */ = {
			isa = PBXFrameworksBuildPhase;
			buildActionMask = 2147483647;
			files = (
				4597D96B1AAA254900A453D7 /* libsqlite3.0.dylib in Frameworks */,
				2DD9A876F80E80BC65270678 /* libPods-BabyLog.a in Frameworks */,
			);
			runOnlyForDeploymentPostprocessing = 0;
		};
		45AC76F31A6C200600705474 /* Frameworks */ = {
			isa = PBXFrameworksBuildPhase;
			buildActionMask = 2147483647;
			files = (
			);
			runOnlyForDeploymentPostprocessing = 0;
		};
/* End PBXFrameworksBuildPhase section */

/* Begin PBXGroup section */
		26C362ECAABE876A9C43998E /* Pods */ = {
			isa = PBXGroup;
			children = (
				0C81AD5E3E725CF8CD147E61 /* Pods-BabyLog.debug.xcconfig */,
				0F03C88175B86E57EB059782 /* Pods-BabyLog.release.xcconfig */,
			);
			name = Pods;
			sourceTree = "<group>";
		};
		4538BB7F1AA6E75A00C80B4B /* Models */ = {
			isa = PBXGroup;
			children = (
				4538BB801AA6E78B00C80B4B /* FeedLog.swift */,
				4538BB841AA6F95600C80B4B /* LogDetail.swift */,
				4597D8721AA99D2E00A453D7 /* HistoryItem.swift */,
				458F80D71AAED6CC00EDDB3B /* LineData.swift */,
			);
			name = Models;
			sourceTree = "<group>";
		};
		4538BB861AA7652200C80B4B /* Tools */ = {
			isa = PBXGroup;
			children = (
				4538BB871AA7653B00C80B4B /* DateTool.swift */,
				4597D96F1AAB3B3700A453D7 /* TypeTool.swift */,
				4538BB821AA6E9AB00C80B4B /* Db.swift */,
				458F80DB1AAEE5E800EDDB3B /* ColorTool.swift */,
			);
			name = Tools;
			sourceTree = "<group>";
		};
		4597D9691AAA250C00A453D7 /* dbfm */ = {
			isa = PBXGroup;
			children = (
				4597D9591AAA24ED00A453D7 /* FMDB.h */,
				4597D95A1AAA24ED00A453D7 /* FMDatabase.h */,
				4597D95B1AAA24ED00A453D7 /* FMDatabase.m */,
				4597D95C1AAA24ED00A453D7 /* FMResultSet.h */,
				4597D95D1AAA24ED00A453D7 /* FMResultSet.m */,
				4597D95E1AAA24ED00A453D7 /* FMDatabaseQueue.h */,
				4597D95F1AAA24ED00A453D7 /* FMDatabaseQueue.m */,
				4597D9601AAA24ED00A453D7 /* FMDatabaseAdditions.h */,
				4597D9611AAA24ED00A453D7 /* FMDatabaseAdditions.m */,
				4597D9621AAA24ED00A453D7 /* FMDatabasePool.h */,
				4597D9631AAA24ED00A453D7 /* FMDatabasePool.m */,
				4597D9581AAA24ED00A453D7 /* BabyLog-Bridging-Header.h */,
			);
			name = dbfm;
			sourceTree = "<group>";
		};
		4597D96C1AAB39CC00A453D7 /* Services */ = {
			isa = PBXGroup;
			children = (
				4597D96D1AAB39E400A453D7 /* FeedLogService.swift */,
			);
			name = Services;
			sourceTree = "<group>";
		};
		45AC76D61A6C200600705474 = {
			isa = PBXGroup;
			children = (
				4597D96A1AAA254900A453D7 /* libsqlite3.0.dylib */,
				45AC76E11A6C200600705474 /* BabyLog */,
				45AC76F91A6C200600705474 /* BabyLogTests */,
				45AC76E01A6C200600705474 /* Products */,
				26C362ECAABE876A9C43998E /* Pods */,
				C8D5E46C540473D69690331B /* Frameworks */,
			);
			sourceTree = "<group>";
		};
		45AC76E01A6C200600705474 /* Products */ = {
			isa = PBXGroup;
			children = (
				45AC76DF1A6C200600705474 /* BabyLog.app */,
				45AC76F61A6C200600705474 /* BabyLogTests.xctest */,
			);
			name = Products;
			sourceTree = "<group>";
		};
		45AC76E11A6C200600705474 /* BabyLog */ = {
			isa = PBXGroup;
			children = (
				4538BB7F1AA6E75A00C80B4B /* Models */,
				4597D96C1AAB39CC00A453D7 /* Services */,
				4597D9691AAA250C00A453D7 /* dbfm */,
				4538BB861AA7652200C80B4B /* Tools */,
				45FB5D471A794B24004F1759 /* AddViewController.swift */,
				45AC76E41A6C200600705474 /* AppDelegate.swift */,
				4597D8741AA9BEEC00A453D7 /* DayHistoryViewController.swift */,
				4597D9711AAB768A00A453D7 /* HistoryDayCell.swift */,
				45AC76E61A6C200600705474 /* FirstViewController.swift */,
				45AC76E81A6C200600705474 /* SecondViewController.swift */,
				458F80D51AAEBF8400EDDB3B /* ChartViewController.swift */,
				459B66FE1AA4DE09007838F7 /* SelectDateController.swift */,
				45AC76EA1A6C200600705474 /* Main.storyboard */,
				45AC76ED1A6C200600705474 /* Images.xcassets */,
				45AC76EF1A6C200600705474 /* LaunchScreen.xib */,
				45AC76E21A6C200600705474 /* Supporting Files */,
				4538BB7D1AA5C4DB00C80B4B /* protocol.swift */,
			);
			path = BabyLog;
			sourceTree = "<group>";
		};
		45AC76E21A6C200600705474 /* Supporting Files */ = {
			isa = PBXGroup;
			children = (
				45AC76E31A6C200600705474 /* Info.plist */,
			);
			name = "Supporting Files";
			sourceTree = "<group>";
		};
		45AC76F91A6C200600705474 /* BabyLogTests */ = {
			isa = PBXGroup;
			children = (
				45AC76FC1A6C200600705474 /* BabyLogTests.swift */,
				45AC76FA1A6C200600705474 /* Supporting Files */,
			);
			path = BabyLogTests;
			sourceTree = "<group>";
		};
		45AC76FA1A6C200600705474 /* Supporting Files */ = {
			isa = PBXGroup;
			children = (
				45AC76FB1A6C200600705474 /* Info.plist */,
			);
			name = "Supporting Files";
			sourceTree = "<group>";
		};
		C8D5E46C540473D69690331B /* Frameworks */ = {
			isa = PBXGroup;
			children = (
				537CC5C4C50BBC8347E9B041 /* libPods-BabyLog.a */,
			);
			name = Frameworks;
			sourceTree = "<group>";
		};
/* End PBXGroup section */

/* Begin PBXNativeTarget section */
		45AC76DE1A6C200600705474 /* BabyLog */ = {
			isa = PBXNativeTarget;
			buildConfigurationList = 45AC77001A6C200600705474 /* Build configuration list for PBXNativeTarget "BabyLog" */;
			buildPhases = (
				22998FC8FCB24EF7E77AFE96 /* Check Pods Manifest.lock */,
				45AC76DB1A6C200600705474 /* Sources */,
				45AC76DC1A6C200600705474 /* Frameworks */,
				45AC76DD1A6C200600705474 /* Resources */,
				DE231F3C4541CADD5B7D3B24 /* Copy Pods Resources */,
			);
			buildRules = (
			);
			dependencies = (
			);
			name = BabyLog;
			productName = BabyLog;
			productReference = 45AC76DF1A6C200600705474 /* BabyLog.app */;
			productType = "com.apple.product-type.application";
		};
		45AC76F51A6C200600705474 /* BabyLogTests */ = {
			isa = PBXNativeTarget;
			buildConfigurationList = 45AC77031A6C200600705474 /* Build configuration list for PBXNativeTarget "BabyLogTests" */;
			buildPhases = (
				45AC76F21A6C200600705474 /* Sources */,
				45AC76F31A6C200600705474 /* Frameworks */,
				45AC76F41A6C200600705474 /* Resources */,
			);
			buildRules = (
			);
			dependencies = (
				45AC76F81A6C200600705474 /* PBXTargetDependency */,
			);
			name = BabyLogTests;
			productName = BabyLogTests;
			productReference = 45AC76F61A6C200600705474 /* BabyLogTests.xctest */;
			productType = "com.apple.product-type.bundle.unit-test";
		};
/* End PBXNativeTarget section */

/* Begin PBXProject section */
		45AC76D71A6C200600705474 /* Project object */ = {
			isa = PBXProject;
			attributes = {
				LastUpgradeCheck = 0610;
				ORGANIZATIONNAME = mjstudio;
				TargetAttributes = {
					45AC76DE1A6C200600705474 = {
						CreatedOnToolsVersion = 6.1.1;
					};
					45AC76F51A6C200600705474 = {
						CreatedOnToolsVersion = 6.1.1;
						TestTargetID = 45AC76DE1A6C200600705474;
					};
				};
			};
			buildConfigurationList = 45AC76DA1A6C200600705474 /* Build configuration list for PBXProject "BabyLog" */;
			compatibilityVersion = "Xcode 3.2";
			developmentRegion = English;
			hasScannedForEncodings = 0;
			knownRegions = (
				en,
				Base,
			);
			mainGroup = 45AC76D61A6C200600705474;
			productRefGroup = 45AC76E01A6C200600705474 /* Products */;
			projectDirPath = "";
			projectRoot = "";
			targets = (
				45AC76DE1A6C200600705474 /* BabyLog */,
				45AC76F51A6C200600705474 /* BabyLogTests */,
			);
		};
/* End PBXProject section */

/* Begin PBXResourcesBuildPhase section */
		45AC76DD1A6C200600705474 /* Resources */ = {
			isa = PBXResourcesBuildPhase;
			buildActionMask = 2147483647;
			files = (
				45AC76EC1A6C200600705474 /* Main.storyboard in Resources */,
				45AC76F11A6C200600705474 /* LaunchScreen.xib in Resources */,
				45AC76EE1A6C200600705474 /* Images.xcassets in Resources */,
			);
			runOnlyForDeploymentPostprocessing = 0;
		};
		45AC76F41A6C200600705474 /* Resources */ = {
			isa = PBXResourcesBuildPhase;
			buildActionMask = 2147483647;
			files = (
			);
			runOnlyForDeploymentPostprocessing = 0;
		};
/* End PBXResourcesBuildPhase section */

/* Begin PBXShellScriptBuildPhase section */
		22998FC8FCB24EF7E77AFE96 /* Check Pods Manifest.lock */ = {
			isa = PBXShellScriptBuildPhase;
			buildActionMask = 2147483647;
			files = (
			);
			inputPaths = (
			);
			name = "Check Pods Manifest.lock";
			outputPaths = (
			);
			runOnlyForDeploymentPostprocessing = 0;
			shellPath = /bin/sh;
			shellScript = "diff \"${PODS_ROOT}/../Podfile.lock\" \"${PODS_ROOT}/Manifest.lock\" > /dev/null\nif [[ $? != 0 ]] ; then\n    cat << EOM\nerror: The sandbox is not in sync with the Podfile.lock. Run 'pod install' or update your CocoaPods installation.\nEOM\n    exit 1\nfi\n";
			showEnvVarsInLog = 0;
		};
		DE231F3C4541CADD5B7D3B24 /* Copy Pods Resources */ = {
			isa = PBXShellScriptBuildPhase;
			buildActionMask = 2147483647;
			files = (
			);
			inputPaths = (
			);
			name = "Copy Pods Resources";
			outputPaths = (
			);
			runOnlyForDeploymentPostprocessing = 0;
			shellPath = /bin/sh;
			shellScript = "\"${SRCROOT}/Pods/Target Support Files/Pods-BabyLog/Pods-BabyLog-resources.sh\"\n";
			showEnvVarsInLog = 0;
		};
/* End PBXShellScriptBuildPhase section */

/* Begin PBXSourcesBuildPhase section */
		45AC76DB1A6C200600705474 /* Sources */ = {
			isa = PBXSourcesBuildPhase;
			buildActionMask = 2147483647;
			files = (
				4597D96E1AAB39E400A453D7 /* FeedLogService.swift in Sources */,
				45AC76E91A6C200600705474 /* SecondViewController.swift in Sources */,
				4538BB831AA6E9AB00C80B4B /* Db.swift in Sources */,
				4597D9651AAA24ED00A453D7 /* FMResultSet.m in Sources */,
				4597D9641AAA24ED00A453D7 /* FMDatabase.m in Sources */,
				458F80DC1AAEE5E800EDDB3B /* ColorTool.swift in Sources */,
				4538BB7E1AA5C4DB00C80B4B /* protocol.swift in Sources */,
				4597D9661AAA24ED00A453D7 /* FMDatabaseQueue.m in Sources */,
				4597D8731AA99D2E00A453D7 /* HistoryItem.swift in Sources */,
				458F80D61AAEBF8400EDDB3B /* ChartViewController.swift in Sources */,
				4597D9671AAA24ED00A453D7 /* FMDatabaseAdditions.m in Sources */,
				4538BB881AA7653B00C80B4B /* DateTool.swift in Sources */,
				458F80D81AAED6CC00EDDB3B /* LineData.swift in Sources */,
				45AC76E51A6C200600705474 /* AppDelegate.swift in Sources */,
				459B66FF1AA4DE09007838F7 /* SelectDateController.swift in Sources */,
				45FB5D481A794B24004F1759 /* AddViewController.swift in Sources */,
				4597D8751AA9BEEC00A453D7 /* DayHistoryViewController.swift in Sources */,
				4538BB811AA6E78B00C80B4B /* FeedLog.swift in Sources */,
				4597D9701AAB3B3700A453D7 /* TypeTool.swift in Sources */,
				45AC76E71A6C200600705474 /* FirstViewController.swift in Sources */,
				4538BB851AA6F95600C80B4B /* LogDetail.swift in Sources */,
				4597D9681AAA24ED00A453D7 /* FMDatabasePool.m in Sources */,
				4597D9721AAB768A00A453D7 /* HistoryDayCell.swift in Sources */,
			);
			runOnlyForDeploymentPostprocessing = 0;
		};
		45AC76F21A6C200600705474 /* Sources */ = {
			isa = PBXSourcesBuildPhase;
			buildActionMask = 2147483647;
			files = (
				45AC76FD1A6C200600705474 /* BabyLogTests.swift in Sources */,
			);
			runOnlyForDeploymentPostprocessing = 0;
		};
/* End PBXSourcesBuildPhase section */

/* Begin PBXTargetDependency section */
		45AC76F81A6C200600705474 /* PBXTargetDependency */ = {
			isa = PBXTargetDependency;
			target = 45AC76DE1A6C200600705474 /* BabyLog */;
			targetProxy = 45AC76F71A6C200600705474 /* PBXContainerItemProxy */;
		};
/* End PBXTargetDependency section */

/* Begin PBXVariantGroup section */
		45AC76EA1A6C200600705474 /* Main.storyboard */ = {
			isa = PBXVariantGroup;
			children = (
				45AC76EB1A6C200600705474 /* Base */,
			);
			name = Main.storyboard;
			sourceTree = "<group>";
		};
		45AC76EF1A6C200600705474 /* LaunchScreen.xib */ = {
			isa = PBXVariantGroup;
			children = (
				45AC76F01A6C200600705474 /* Base */,
			);
			name = LaunchScreen.xib;
			sourceTree = "<group>";
		};
/* End PBXVariantGroup section */

/* Begin XCBuildConfiguration section */
		45AC76FE1A6C200600705474 /* Debug */ = {
			isa = XCBuildConfiguration;
			buildSettings = {
				ALWAYS_SEARCH_USER_PATHS = NO;
				CLANG_CXX_LANGUAGE_STANDARD = "gnu++0x";
				CLANG_CXX_LIBRARY = "libc++";
				CLANG_ENABLE_MODULES = YES;
				CLANG_ENABLE_OBJC_ARC = YES;
				CLANG_WARN_BOOL_CONVERSION = YES;
				CLANG_WARN_CONSTANT_CONVERSION = YES;
				CLANG_WARN_DIRECT_OBJC_ISA_USAGE = YES_ERROR;
				CLANG_WARN_EMPTY_BODY = YES;
				CLANG_WARN_ENUM_CONVERSION = YES;
				CLANG_WARN_INT_CONVERSION = YES;
				CLANG_WARN_OBJC_ROOT_CLASS = YES_ERROR;
				CLANG_WARN_UNREACHABLE_CODE = YES;
				CLANG_WARN__DUPLICATE_METHOD_MATCH = YES;
				"CODE_SIGN_IDENTITY[sdk=iphoneos*]" = "iPhone Developer";
				COPY_PHASE_STRIP = NO;
				ENABLE_STRICT_OBJC_MSGSEND = YES;
				GCC_C_LANGUAGE_STANDARD = gnu99;
				GCC_DYNAMIC_NO_PIC = NO;
				GCC_OPTIMIZATION_LEVEL = 0;
				GCC_PREPROCESSOR_DEFINITIONS = (
					"DEBUG=1",
					"$(inherited)",
				);
				GCC_SYMBOLS_PRIVATE_EXTERN = NO;
				GCC_WARN_64_TO_32_BIT_CONVERSION = YES;
				GCC_WARN_ABOUT_RETURN_TYPE = YES_ERROR;
				GCC_WARN_UNDECLARED_SELECTOR = YES;
				GCC_WARN_UNINITIALIZED_AUTOS = YES_AGGRESSIVE;
				GCC_WARN_UNUSED_FUNCTION = YES;
				GCC_WARN_UNUSED_VARIABLE = YES;
				IPHONEOS_DEPLOYMENT_TARGET = 8.1;
				MTL_ENABLE_DEBUG_INFO = YES;
				ONLY_ACTIVE_ARCH = YES;
				SDKROOT = iphoneos;
				SWIFT_OPTIMIZATION_LEVEL = "-Onone";
			};
			name = Debug;
		};
		45AC76FF1A6C200600705474 /* Release */ = {
			isa = XCBuildConfiguration;
			buildSettings = {
				ALWAYS_SEARCH_USER_PATHS = NO;
				CLANG_CXX_LANGUAGE_STANDARD = "gnu++0x";
				CLANG_CXX_LIBRARY = "libc++";
				CLANG_ENABLE_MODULES = YES;
				CLANG_ENABLE_OBJC_ARC = YES;
				CLANG_WARN_BOOL_CONVERSION = YES;
				CLANG_WARN_CONSTANT_CONVERSION = YES;
				CLANG_WARN_DIRECT_OBJC_ISA_USAGE = YES_ERROR;
				CLANG_WARN_EMPTY_BODY = YES;
				CLANG_WARN_ENUM_CONVERSION = YES;
				CLANG_WARN_INT_CONVERSION = YES;
				CLANG_WARN_OBJC_ROOT_CLASS = YES_ERROR;
				CLANG_WARN_UNREACHABLE_CODE = YES;
				CLANG_WARN__DUPLICATE_METHOD_MATCH = YES;
				"CODE_SIGN_IDENTITY[sdk=iphoneos*]" = "iPhone Developer";
				COPY_PHASE_STRIP = YES;
				ENABLE_NS_ASSERTIONS = NO;
				ENABLE_STRICT_OBJC_MSGSEND = YES;
				GCC_C_LANGUAGE_STANDARD = gnu99;
				GCC_WARN_64_TO_32_BIT_CONVERSION = YES;
				GCC_WARN_ABOUT_RETURN_TYPE = YES_ERROR;
				GCC_WARN_UNDECLARED_SELECTOR = YES;
				GCC_WARN_UNINITIALIZED_AUTOS = YES_AGGRESSIVE;
				GCC_WARN_UNUSED_FUNCTION = YES;
				GCC_WARN_UNUSED_VARIABLE = YES;
				IPHONEOS_DEPLOYMENT_TARGET = 8.1;
				MTL_ENABLE_DEBUG_INFO = NO;
				SDKROOT = iphoneos;
				VALIDATE_PRODUCT = YES;
			};
			name = Release;
		};
		45AC77011A6C200600705474 /* Debug */ = {
			isa = XCBuildConfiguration;
			baseConfigurationReference = 0C81AD5E3E725CF8CD147E61 /* Pods-BabyLog.debug.xcconfig */;
			buildSettings = {
				ASSETCATALOG_COMPILER_APPICON_NAME = AppIcon;
				CLANG_ENABLE_MODULES = YES;
				INFOPLIST_FILE = BabyLog/Info.plist;
				IPHONEOS_DEPLOYMENT_TARGET = 7.0;
				LD_RUNPATH_SEARCH_PATHS = "$(inherited) @executable_path/Frameworks";
				PRODUCT_NAME = "$(TARGET_NAME)";
				SWIFT_OBJC_BRIDGING_HEADER = "BabyLog/BabyLog-Bridging-Header.h";
				SWIFT_OPTIMIZATION_LEVEL = "-Onone";
				TARGETED_DEVICE_FAMILY = 1;
			};
			name = Debug;
		};
		45AC77021A6C200600705474 /* Release */ = {
			isa = XCBuildConfiguration;
			baseConfigurationReference = 0F03C88175B86E57EB059782 /* Pods-BabyLog.release.xcconfig */;
			buildSettings = {
				ASSETCATALOG_COMPILER_APPICON_NAME = AppIcon;
				CLANG_ENABLE_MODULES = YES;
				INFOPLIST_FILE = BabyLog/Info.plist;
				IPHONEOS_DEPLOYMENT_TARGET = 7.0;
				LD_RUNPATH_SEARCH_PATHS = "$(inherited) @executable_path/Frameworks";
				PRODUCT_NAME = "$(TARGET_NAME)";
				SWIFT_OBJC_BRIDGING_HEADER = "BabyLog/BabyLog-Bridging-Header.h";
				TARGETED_DEVICE_FAMILY = 1;
			};
			name = Release;
		};
		45AC77041A6C200600705474 /* Debug */ = {
			isa = XCBuildConfiguration;
			buildSettings = {
				BUNDLE_LOADER = "$(TEST_HOST)";
				FRAMEWORK_SEARCH_PATHS = (
					"$(SDKROOT)/Developer/Library/Frameworks",
					"$(inherited)",
				);
				GCC_PREPROCESSOR_DEFINITIONS = (
					"DEBUG=1",
					"$(inherited)",
				);
				INFOPLIST_FILE = BabyLogTests/Info.plist;
				LD_RUNPATH_SEARCH_PATHS = "$(inherited) @executable_path/Frameworks @loader_path/Frameworks";
				PRODUCT_NAME = "$(TARGET_NAME)";
				TEST_HOST = "$(BUILT_PRODUCTS_DIR)/BabyLog.app/BabyLog";
			};
			name = Debug;
		};
		45AC77051A6C200600705474 /* Release */ = {
			isa = XCBuildConfiguration;
			buildSettings = {
				BUNDLE_LOADER = "$(TEST_HOST)";
				FRAMEWORK_SEARCH_PATHS = (
					"$(SDKROOT)/Developer/Library/Frameworks",
					"$(inherited)",
				);
				INFOPLIST_FILE = BabyLogTests/Info.plist;
				LD_RUNPATH_SEARCH_PATHS = "$(inherited) @executable_path/Frameworks @loader_path/Frameworks";
				PRODUCT_NAME = "$(TARGET_NAME)";
				TEST_HOST = "$(BUILT_PRODUCTS_DIR)/BabyLog.app/BabyLog";
			};
			name = Release;
		};
/* End XCBuildConfiguration section */

/* Begin XCConfigurationList section */
		45AC76DA1A6C200600705474 /* Build configuration list for PBXProject "BabyLog" */ = {
			isa = XCConfigurationList;
			buildConfigurations = (
				45AC76FE1A6C200600705474 /* Debug */,
				45AC76FF1A6C200600705474 /* Release */,
			);
			defaultConfigurationIsVisible = 0;
			defaultConfigurationName = Release;
		};
		45AC77001A6C200600705474 /* Build configuration list for PBXNativeTarget "BabyLog" */ = {
			isa = XCConfigurationList;
			buildConfigurations = (
				45AC77011A6C200600705474 /* Debug */,
				45AC77021A6C200600705474 /* Release */,
			);
			defaultConfigurationIsVisible = 0;
			defaultConfigurationName = Release;
		};
		45AC77031A6C200600705474 /* Build configuration list for PBXNativeTarget "BabyLogTests" */ = {
			isa = XCConfigurationList;
			buildConfigurations = (
				45AC77041A6C200600705474 /* Debug */,
				45AC77051A6C200600705474 /* Release */,
			);
			defaultConfigurationIsVisible = 0;
			defaultConfigurationName = Release;
		};
/* End XCConfigurationList section */
	};
	rootObject = 45AC76D71A6C200600705474 /* Project object */;
}
